
Microsoft Visual Studio Solution File, Format Version 12.00
Project("{FAE04EC0-301F-11D3-BF4B-00C04F79EFBC}") = "CarSharing-Client", "CarSharing-Client\CarSharing-Client.csproj", "{D4955A51-5A7D-4F29-9D51-5711675DD0C3}"
EndProject
Global
	GlobalSection(SolutionConfigurationPlatforms) = preSolution
		Debug|Any CPU = Debug|Any CPU
		Release|Any CPU = Release|Any CPU
	EndGlobalSection
	GlobalSection(ProjectConfigurationPlatforms) = postSolution
		{D4955A51-5A7D-4F29-9D51-5711675DD0C3}.Debug|Any CPU.ActiveCfg = Debug|Any CPU
		{D4955A51-5A7D-4F29-9D51-5711675DD0C3}.Debug|Any CPU.Build.0 = Debug|Any CPU
		{D4955A51-5A7D-4F29-9D51-5711675DD0C3}.Release|Any CPU.ActiveCfg = Release|Any CPU
		{D4955A51-5A7D-4F29-9D51-5711675DD0C3}.Release|Any CPU.Build.0 = Release|Any CPU
	EndGlobalSection
EndGlobal
